
Microsoft Visual Studio Solution File, Format Version 12.00
# Visual Studio Version 17
VisualStudioVersion = 17.9.34728.123
MinimumVisualStudioVersion = 10.0.40219.1
Project("{FAE04EC0-301F-11D3-BF4B-00C04F79EFBC}") = "farkle", "farkle\farkle\farkle.csproj", "{385640DD-AECD-4E36-BFA0-67FA50793E57}"
EndProject
Project("{FAE04EC0-301F-11D3-BF4B-00C04F79EFBC}") = "farkle.Client", "farkle\farkle.Client\farkle.Client.csproj", "{FBC59700-E557-400C-8D5C-B6A1FB21C973}"
EndProject
Global
	GlobalSection(SolutionConfigurationPlatforms) = preSolution
		Debug|Any CPU = Debug|Any CPU
		Release|Any CPU = Release|Any CPU
	EndGlobalSection
	GlobalSection(ProjectConfigurationPlatforms) = postSolution
		{385640DD-AECD-4E36-BFA0-67FA50793E57}.Debug|Any CPU.ActiveCfg = Debug|Any CPU
		{385640DD-AECD-4E36-BFA0-67FA50793E57}.Debug|Any CPU.Build.0 = Debug|Any CPU
		{385640DD-AECD-4E36-BFA0-67FA50793E57}.Release|Any CPU.ActiveCfg = Release|Any CPU
		{385640DD-AECD-4E36-BFA0-67FA50793E57}.Release|Any CPU.Build.0 = Release|Any CPU
		{FBC59700-E557-400C-8D5C-B6A1FB21C973}.Debug|Any CPU.ActiveCfg = Debug|Any CPU
		{FBC59700-E557-400C-8D5C-B6A1FB21C973}.Debug|Any CPU.Build.0 = Debug|Any CPU
		{FBC59700-E557-400C-8D5C-B6A1FB21C973}.Release|Any CPU.ActiveCfg = Release|Any CPU
		{FBC59700-E557-400C-8D5C-B6A1FB21C973}.Release|Any CPU.Build.0 = Release|Any CPU
	EndGlobalSection
	GlobalSection(SolutionProperties) = preSolution
		HideSolutionNode = FALSE
	EndGlobalSection
	GlobalSection(ExtensibilityGlobals) = postSolution
		SolutionGuid = {23A50476-774A-4A4A-9BEF-082F98E40E55}
	EndGlobalSection
EndGlobal
